
Microsoft Visual Studio Solution File, Format Version 12.00
# Visual Studio 2013
VisualStudioVersion = 12.0.21005.1
MinimumVisualStudioVersion = 10.0.40219.1
Project("{FAE04EC0-301F-11D3-BF4B-00C04F79EFBC}") = "EntityFramework.BulkInsert", "EntityFramework.BulkInsert\EntityFramework.BulkInsert.csproj", "{E48AB221-FB79-4F22-9641-3C283F44F1C7}"
EndProject
Project("{FAE04EC0-301F-11D3-BF4B-00C04F79EFBC}") = "EntityFramework.BulkInsert.Test", "EntityFramework.BulkInsert.Test\EntityFramework.BulkInsert.Test.csproj", "{20B90CC0-1DC1-4154-8434-A16B9B902FC4}"
EndProject
Project("{FAE04EC0-301F-11D3-BF4B-00C04F79EFBC}") = "EntityFramework.BulkInsert.SqlServerCe", "EntityFramework.BulkInsert.SqlServerCe\EntityFramework.BulkInsert.SqlServerCe.csproj", "{8BCCBC7B-9F9F-491A-8778-88EF6D2A279C}"
EndProject
Global
	GlobalSection(TeamFoundationVersionControl) = preSolution
		SccNumberOfProjects = 2
		SccEnterpriseProvider = {4CA58AB2-18FA-4F8D-95D4-32DDF27D184C}
		SccTeamFoundationServer = https://tfs.codeplex.com/tfs/tfs33
		SccProjectUniqueName0 = EntityFramework.BulkInsert\\EntityFramework.BulkInsert.csproj
		SccProjectName0 = EntityFramework.BulkInsert
		SccAuxPath0 = https://tfs.codeplex.com/tfs/tfs33
		SccLocalPath0 = EntityFramework.BulkInsert
		SccProvider0 = {4CA58AB2-18FA-4F8D-95D4-32DDF27D184C}
		SccProjectUniqueName1 = EntityFramework.BulkInsert.Test\\EntityFramework.BulkInsert.Test.csproj
		SccProjectName1 = EntityFramework.BulkInsert.Test
		SccAuxPath1 = https://tfs.codeplex.com/tfs/tfs33
		SccLocalPath1 = EntityFramework.BulkInsert.Test
		SccProvider1 = {4CA58AB2-18FA-4F8D-95D4-32DDF27D184C}
	EndGlobalSection
	GlobalSection(SolutionConfigurationPlatforms) = preSolution
		Debug|Any CPU = Debug|Any CPU
		NET45_EF5|Any CPU = NET45_EF5|Any CPU
		NET45_EF6|Any CPU = NET45_EF6|Any CPU
		Release|Any CPU = Release|Any CPU
	EndGlobalSection
	GlobalSection(ProjectConfigurationPlatforms) = postSolution
		{E48AB221-FB79-4F22-9641-3C283F44F1C7}.Debug|Any CPU.ActiveCfg = Debug|Any CPU
		{E48AB221-FB79-4F22-9641-3C283F44F1C7}.Debug|Any CPU.Build.0 = Debug|Any CPU
		{E48AB221-FB79-4F22-9641-3C283F44F1C7}.NET45_EF5|Any CPU.ActiveCfg = NET45_EF5|Any CPU
		{E48AB221-FB79-4F22-9641-3C283F44F1C7}.NET45_EF5|Any CPU.Build.0 = NET45_EF5|Any CPU
		{E48AB221-FB79-4F22-9641-3C283F44F1C7}.NET45_EF6|Any CPU.ActiveCfg = NET45_EF6|Any CPU
		{E48AB221-FB79-4F22-9641-3C283F44F1C7}.NET45_EF6|Any CPU.Build.0 = NET45_EF6|Any CPU
		{E48AB221-FB79-4F22-9641-3C283F44F1C7}.Release|Any CPU.ActiveCfg = Release|Any CPU
		{E48AB221-FB79-4F22-9641-3C283F44F1C7}.Release|Any CPU.Build.0 = Release|Any CPU
		{20B90CC0-1DC1-4154-8434-A16B9B902FC4}.Debug|Any CPU.ActiveCfg = Debug|Any CPU
		{20B90CC0-1DC1-4154-8434-A16B9B902FC4}.Debug|Any CPU.Build.0 = Debug|Any CPU
		{20B90CC0-1DC1-4154-8434-A16B9B902FC4}.NET45_EF5|Any CPU.ActiveCfg = NET45_EF5|Any CPU
		{20B90CC0-1DC1-4154-8434-A16B9B902FC4}.NET45_EF5|Any CPU.Build.0 = NET45_EF5|Any CPU
		{20B90CC0-1DC1-4154-8434-A16B9B902FC4}.NET45_EF6|Any CPU.ActiveCfg = NET45_EF6|Any CPU
		{20B90CC0-1DC1-4154-8434-A16B9B902FC4}.NET45_EF6|Any CPU.Build.0 = NET45_EF6|Any CPU
		{20B90CC0-1DC1-4154-8434-A16B9B902FC4}.Release|Any CPU.ActiveCfg = Release|Any CPU
		{20B90CC0-1DC1-4154-8434-A16B9B902FC4}.Release|Any CPU.Build.0 = Release|Any CPU
		{8BCCBC7B-9F9F-491A-8778-88EF6D2A279C}.Debug|Any CPU.ActiveCfg = Debug|Any CPU
		{8BCCBC7B-9F9F-491A-8778-88EF6D2A279C}.Debug|Any CPU.Build.0 = Debug|Any CPU
		{8BCCBC7B-9F9F-491A-8778-88EF6D2A279C}.NET45_EF5|Any CPU.ActiveCfg = NET45_EF5|Any CPU
		{8BCCBC7B-9F9F-491A-8778-88EF6D2A279C}.NET45_EF5|Any CPU.Build.0 = NET45_EF5|Any CPU
		{8BCCBC7B-9F9F-491A-8778-88EF6D2A279C}.NET45_EF6|Any CPU.ActiveCfg = NET45_EF6|Any CPU
		{8BCCBC7B-9F9F-491A-8778-88EF6D2A279C}.NET45_EF6|Any CPU.Build.0 = NET45_EF6|Any CPU
		{8BCCBC7B-9F9F-491A-8778-88EF6D2A279C}.Release|Any CPU.ActiveCfg = Release|Any CPU
		{8BCCBC7B-9F9F-491A-8778-88EF6D2A279C}.Release|Any CPU.Build.0 = Release|Any CPU
	EndGlobalSection
	GlobalSection(SolutionProperties) = preSolution
		HideSolutionNode = FALSE
	EndGlobalSection
EndGlobal
